
Microsoft Visual Studio Solution File, Format Version 12.00
# Visual Studio Version 17
VisualStudioVersion = 17.11.35327.3
MinimumVisualStudioVersion = 10.0.40219.1
Project("{FAE04EC0-301F-11D3-BF4B-00C04F79EFBC}") = "Exponent Table", "Exponent Table.csproj", "{5EA1E416-8070-47C8-A46F-81CCF249EDFF}"
EndProject
Global
	GlobalSection(SolutionConfigurationPlatforms) = preSolution
		Debug|Any CPU = Debug|Any CPU
		Release|Any CPU = Release|Any CPU
	EndGlobalSection
	GlobalSection(ProjectConfigurationPlatforms) = postSolution
		{5EA1E416-8070-47C8-A46F-81CCF249EDFF}.Debug|Any CPU.ActiveCfg = Debug|Any CPU
		{5EA1E416-8070-47C8-A46F-81CCF249EDFF}.Debug|Any CPU.Build.0 = Debug|Any CPU
		{5EA1E416-8070-47C8-A46F-81CCF249EDFF}.Release|Any CPU.ActiveCfg = Release|Any CPU
		{5EA1E416-8070-47C8-A46F-81CCF249EDFF}.Release|Any CPU.Build.0 = Release|Any CPU
	EndGlobalSection
	GlobalSection(SolutionProperties) = preSolution
		HideSolutionNode = FALSE
	EndGlobalSection
	GlobalSection(ExtensibilityGlobals) = postSolution
		SolutionGuid = {7654204A-2AC8-46BD-BDCE-20ABB50E06F5}
	EndGlobalSection
EndGlobal
